
Microsoft Visual Studio Solution File, Format Version 12.00
# Visual Studio Version 16
VisualStudioVersion = 16.0.29613.14
MinimumVisualStudioVersion = 10.0.40219.1
Project("{FAE04EC0-301F-11D3-BF4B-00C04F79EFBC}") = "NossoMercadoLivre", "NossoMercadoLivre\NossoMercadoLivre.csproj", "{7A760776-E9A7-4401-BE77-9821F9F8C11C}"
EndProject
Global
	GlobalSection(SolutionConfigurationPlatforms) = preSolution
		Debug|Any CPU = Debug|Any CPU
		Release|Any CPU = Release|Any CPU
	EndGlobalSection
	GlobalSection(ProjectConfigurationPlatforms) = postSolution
		{7A760776-E9A7-4401-BE77-9821F9F8C11C}.Debug|Any CPU.ActiveCfg = Debug|Any CPU
		{7A760776-E9A7-4401-BE77-9821F9F8C11C}.Debug|Any CPU.Build.0 = Debug|Any CPU
		{7A760776-E9A7-4401-BE77-9821F9F8C11C}.Release|Any CPU.ActiveCfg = Release|Any CPU
		{7A760776-E9A7-4401-BE77-9821F9F8C11C}.Release|Any CPU.Build.0 = Release|Any CPU
	EndGlobalSection
	GlobalSection(SolutionProperties) = preSolution
		HideSolutionNode = FALSE
	EndGlobalSection
	GlobalSection(ExtensibilityGlobals) = postSolution
		SolutionGuid = {A685ADD1-BB13-42B9-9B0A-10A737576756}
	EndGlobalSection
EndGlobal
